
Microsoft Visual Studio Solution File, Format Version 12.00
# Visual Studio Version 16
VisualStudioVersion = 16.0.31205.134
MinimumVisualStudioVersion = 10.0.40219.1
Project("{00D1A9C2-B5F0-4AF3-8072-F6C62B433612}") = "InterContinentalBankers", "InterContinentalBankers\InterContinentalBankers.sqlproj", "{727AF708-3E6A-4406-A84F-E093C16CA9D5}"
EndProject
Global
	GlobalSection(SolutionConfigurationPlatforms) = preSolution
		Debug|Any CPU = Debug|Any CPU
		Release|Any CPU = Release|Any CPU
	EndGlobalSection
	GlobalSection(ProjectConfigurationPlatforms) = postSolution
		{727AF708-3E6A-4406-A84F-E093C16CA9D5}.Debug|Any CPU.ActiveCfg = Debug|Any CPU
		{727AF708-3E6A-4406-A84F-E093C16CA9D5}.Debug|Any CPU.Build.0 = Debug|Any CPU
		{727AF708-3E6A-4406-A84F-E093C16CA9D5}.Debug|Any CPU.Deploy.0 = Debug|Any CPU
		{727AF708-3E6A-4406-A84F-E093C16CA9D5}.Release|Any CPU.ActiveCfg = Release|Any CPU
		{727AF708-3E6A-4406-A84F-E093C16CA9D5}.Release|Any CPU.Build.0 = Release|Any CPU
		{727AF708-3E6A-4406-A84F-E093C16CA9D5}.Release|Any CPU.Deploy.0 = Release|Any CPU
	EndGlobalSection
	GlobalSection(SolutionProperties) = preSolution
		HideSolutionNode = FALSE
	EndGlobalSection
	GlobalSection(ExtensibilityGlobals) = postSolution
		SolutionGuid = {7C4BE461-6E5A-4BA2-BC26-9E84F740C99C}
	EndGlobalSection
EndGlobal
